<?xml version="1.0" encoding="utf-8"?>
<Project ToolsVersion="4.0" xmlns="http://schemas.microsoft.com/developer/msbuild/2003">
  <ItemGroup>
    <Filter Include="소스 파일">
      <UniqueIdentifier>{4FC737F1-C7A5-4376-A066-2A32D752A2FF}</UniqueIdentifier>
      <Extensions>cpp;c;cc;cxx;def;odl;idl;hpj;bat;asm;asmx</Extensions>
    </Filter>
    <Filter Include="헤더 파일">
      <UniqueIdentifier>{93995380-89BD-4b04-88EB-625FBE52EBFB}</UniqueIdentifier>
      <Extensions>h;hh;hpp;hxx;hm;inl;inc;ipp;xsd</Extensions>
    </Filter>
    <Filter Include="리소스 파일">
      <UniqueIdentifier>{67DA6AB6-F800-4c08-8B7A-83BB121AAD01}</UniqueIdentifier>
      <Extensions>rc;ico;cur;bmp;dlg;rc2;rct;bin;rgs;gif;jpg;jpeg;jpe;resx;tiff;tif;png;wav;mfcribbon-ms</Extensions>
    </Filter>
    <Filter Include="lib">
      <UniqueIdentifier>{b9b81404-9386-4824-8d85-1a405cdd6c6d}</UniqueIdentifier>
    </Filter>
    <Filter Include="lib\MariaDB">
      <UniqueIdentifier>{aa1a19a3-2459-4747-8264-c462e75aa500}</UniqueIdentifier>
    </Filter>
    <Filter Include="lib\MariaDB\Win32">
      <UniqueIdentifier>{60c56f86-58e4-431e-b871-bb5aa2be4731}</UniqueIdentifier>
    </Filter>
    <Filter Include="lib\MariaDB\x64">
      <UniqueIdentifier>{05888c6e-ac08-4129-8ed7-cebd8525e219}</UniqueIdentifier>
    </Filter>
    <Filter Include="lib\SQLite">
      <UniqueIdentifier>{a9dfaec7-9f1a-4f46-b44e-d8ab0add490d}</UniqueIdentifier>
    </Filter>
  </ItemGroup>
  <ItemGroup>
    <ClCompile Include="socketHandler.c">
      <Filter>소스 파일</Filter>
    </ClCompile>
    <ClCompile Include="sessionProcessor.c">
      <Filter>소스 파일</Filter>
    </ClCompile>
    <ClCompile Include="RelayServer.c">
      <Filter>소스 파일</Filter>
    </ClCompile>
    <ClCompile Include="dataProcessor.c">
      <Filter>소스 파일</Filter>
    </ClCompile>
    <ClCompile Include="MariaDBConnector.c">
      <Filter>소스 파일</Filter>
    </ClCompile>
    <ClCompile Include="configReader.c">
      <Filter>소스 파일</Filter>
    </ClCompile>
    <ClCompile Include="fileServerRegister.c">
      <Filter>소스 파일</Filter>
    </ClCompile>
    <ClCompile Include="userToFSBridge.c">
      <Filter>소스 파일</Filter>
    </ClCompile>
    <ClCompile Include="..\lib\SQLite\shell.c">
      <Filter>lib\SQLite</Filter>
    </ClCompile>
    <ClCompile Include="..\lib\SQLite\sqlite3.c">
      <Filter>lib\SQLite</Filter>
    </ClCompile>
  </ItemGroup>
  <ItemGroup>
    <ClInclude Include="RelayServer.h">
      <Filter>헤더 파일</Filter>
    </ClInclude>
    <ClInclude Include="..\lib\mariadb\Win32\include\mysql\client_plugin.h">
      <Filter>lib\MariaDB\Win32</Filter>
    </ClInclude>
    <ClInclude Include="..\lib\mariadb\Win32\include\mysql\plugin_auth.h">
      <Filter>lib\MariaDB\Win32</Filter>
    </ClInclude>
    <ClInclude Include="..\lib\mariadb\Win32\include\mysql\plugin_auth_common.h">
      <Filter>lib\MariaDB\Win32</Filter>
    </ClInclude>
    <ClInclude Include="..\lib\mariadb\Win32\include\errmsg.h">
      <Filter>lib\MariaDB\Win32</Filter>
    </ClInclude>
    <ClInclude Include="..\lib\mariadb\Win32\include\ma_io.h">
      <Filter>lib\MariaDB\Win32</Filter>
    </ClInclude>
    <ClInclude Include="..\lib\mariadb\Win32\include\ma_list.h">
      <Filter>lib\MariaDB\Win32</Filter>
    </ClInclude>
    <ClInclude Include="..\lib\mariadb\Win32\include\ma_pvio.h">
      <Filter>lib\MariaDB\Win32</Filter>
    </ClInclude>
    <ClInclude Include="..\lib\mariadb\Win32\include\ma_tls.h">
      <Filter>lib\MariaDB\Win32</Filter>
    </ClInclude>
    <ClInclude Include="..\lib\mariadb\Win32\include\mariadb_com.h">
      <Filter>lib\MariaDB\Win32</Filter>
    </ClInclude>
    <ClInclude Include="..\lib\mariadb\Win32\include\mariadb_ctype.h">
      <Filter>lib\MariaDB\Win32</Filter>
    </ClInclude>
    <ClInclude Include="..\lib\mariadb\Win32\include\mariadb_dyncol.h">
      <Filter>lib\MariaDB\Win32</Filter>
    </ClInclude>
    <ClInclude Include="..\lib\mariadb\Win32\include\mariadb_stmt.h">
      <Filter>lib\MariaDB\Win32</Filter>
    </ClInclude>
    <ClInclude Include="..\lib\mariadb\Win32\include\mariadb_version.h">
      <Filter>lib\MariaDB\Win32</Filter>
    </ClInclude>
    <ClInclude Include="..\lib\mariadb\Win32\include\mysql.h">
      <Filter>lib\MariaDB\Win32</Filter>
    </ClInclude>
    <ClInclude Include="..\lib\mariadb\Win32\include\mysqld_error.h">
      <Filter>lib\MariaDB\Win32</Filter>
    </ClInclude>
    <ClInclude Include="..\lib\mariadb\x64\include\mysql\client_plugin.h">
      <Filter>lib\MariaDB\x64</Filter>
    </ClInclude>
    <ClInclude Include="..\lib\mariadb\x64\include\mysql\plugin_auth.h">
      <Filter>lib\MariaDB\x64</Filter>
    </ClInclude>
    <ClInclude Include="..\lib\mariadb\x64\include\mysql\plugin_auth_common.h">
      <Filter>lib\MariaDB\x64</Filter>
    </ClInclude>
    <ClInclude Include="..\lib\mariadb\x64\include\errmsg.h">
      <Filter>lib\MariaDB\x64</Filter>
    </ClInclude>
    <ClInclude Include="..\lib\mariadb\x64\include\ma_io.h">
      <Filter>lib\MariaDB\x64</Filter>
    </ClInclude>
    <ClInclude Include="..\lib\mariadb\x64\include\ma_list.h">
      <Filter>lib\MariaDB\x64</Filter>
    </ClInclude>
    <ClInclude Include="..\lib\mariadb\x64\include\ma_pvio.h">
      <Filter>lib\MariaDB\x64</Filter>
    </ClInclude>
    <ClInclude Include="..\lib\mariadb\x64\include\ma_tls.h">
      <Filter>lib\MariaDB\x64</Filter>
    </ClInclude>
    <ClInclude Include="..\lib\mariadb\x64\include\mariadb_com.h">
      <Filter>lib\MariaDB\x64</Filter>
    </ClInclude>
    <ClInclude Include="..\lib\mariadb\x64\include\mariadb_ctype.h">
      <Filter>lib\MariaDB\x64</Filter>
    </ClInclude>
    <ClInclude Include="..\lib\mariadb\x64\include\mariadb_dyncol.h">
      <Filter>lib\MariaDB\x64</Filter>
    </ClInclude>
    <ClInclude Include="..\lib\mariadb\x64\include\mariadb_stmt.h">
      <Filter>lib\MariaDB\x64</Filter>
    </ClInclude>
    <ClInclude Include="..\lib\mariadb\x64\include\mariadb_version.h">
      <Filter>lib\MariaDB\x64</Filter>
    </ClInclude>
    <ClInclude Include="..\lib\mariadb\x64\include\mysql.h">
      <Filter>lib\MariaDB\x64</Filter>
    </ClInclude>
    <ClInclude Include="..\lib\mariadb\x64\include\mysqld_error.h">
      <Filter>lib\MariaDB\x64</Filter>
    </ClInclude>
    <ClInclude Include="..\lib\SQLite\sqlite3.h">
      <Filter>lib\SQLite</Filter>
    </ClInclude>
    <ClInclude Include="..\lib\SQLite\sqlite3ext.h">
      <Filter>lib\SQLite</Filter>
    </ClInclude>
  </ItemGroup>
</Project>